// !$*UTF8*$!
{
	archiveVersion = 1;
	classes = {
	};
	objectVersion = 46;
	objects = {

/* Begin PBXBuildFile section */
		08331DF3E0F7C4DDCF8985C4 /* libPods-Demo 348UITests.a in Frameworks */ = {isa = PBXBuildFile; fileRef = E7D432CB092BF31CC763C532 /* libPods-Demo 348UITests.a */; };
		089037C96BF739951931DA0F /* libPods-Demo 348.a in Frameworks */ = {isa = PBXBuildFile; fileRef = C177A1F0C67CA76FDB5BE9B5 /* libPods-Demo 348.a */; };
		0BE483451D2CB8C90094EEAF /* main.m in Sources */ = {isa = PBXBuildFile; fileRef = 0BE483441D2CB8C90094EEAF /* main.m */; };
		0BE483481D2CB8C90094EEAF /* AppDelegate.m in Sources */ = {isa = PBXBuildFile; fileRef = 0BE483471D2CB8C90094EEAF /* AppDelegate.m */; };
		0BE4834B1D2CB8C90094EEAF /* ViewController.m in Sources */ = {isa = PBXBuildFile; fileRef = 0BE4834A1D2CB8C90094EEAF /* ViewController.m */; };
		0BE4834E1D2CB8C90094EEAF /* Main.storyboard in Resources */ = {isa = PBXBuildFile; fileRef = 0BE4834C1D2CB8C90094EEAF /* Main.storyboard */; };
		0BE483501D2CB8C90094EEAF /* Assets.xcassets in Resources */ = {isa = PBXBuildFile; fileRef = 0BE4834F1D2CB8C90094EEAF /* Assets.xcassets */; };
		0BE483531D2CB8C90094EEAF /* LaunchScreen.storyboard in Resources */ = {isa = PBXBuildFile; fileRef = 0BE483511D2CB8C90094EEAF /* LaunchScreen.storyboard */; };
		0BE4835E1D2CB8C90094EEAF /* Demo_348Tests.m in Sources */ = {isa = PBXBuildFile; fileRef = 0BE4835D1D2CB8C90094EEAF /* Demo_348Tests.m */; };
		0BE483691D2CB8C90094EEAF /* Demo_348UITests.m in Sources */ = {isa = PBXBuildFile; fileRef = 0BE483681D2CB8C90094EEAF /* Demo_348UITests.m */; };
		0BE483771D2CB9990094EEAF /* Root.plist in Resources */ = {isa = PBXBuildFile; fileRef = 0BE483761D2CB9990094EEAF /* Root.plist */; };
		0BE4837B1D2CC9190094EEAF /* Settings.bundle in Resources */ = {isa = PBXBuildFile; fileRef = 0BE4837A1D2CC9190094EEAF /* Settings.bundle */; };
		A14FB154C2979C277300B638 /* libPods-Demo 348Tests.a in Frameworks */ = {isa = PBXBuildFile; fileRef = 533C0B2E20E8401798DED25A /* libPods-Demo 348Tests.a */; };
/* End PBXBuildFile section */

/* Begin PBXContainerItemProxy section */
		0BE4835A1D2CB8C90094EEAF /* PBXContainerItemProxy */ = {
			isa = PBXContainerItemProxy;
			containerPortal = 0BE483381D2CB8C90094EEAF /* Project object */;
			proxyType = 1;
			remoteGlobalIDString = 0BE4833F1D2CB8C90094EEAF;
			remoteInfo = "Demo 348";
		};
		0BE483651D2CB8C90094EEAF /* PBXContainerItemProxy */ = {
			isa = PBXContainerItemProxy;
			containerPortal = 0BE483381D2CB8C90094EEAF /* Project object */;
			proxyType = 1;
			remoteGlobalIDString = 0BE4833F1D2CB8C90094EEAF;
			remoteInfo = "Demo 348";
		};
/* End PBXContainerItemProxy section */

/* Begin PBXFileReference section */
		0BE483401D2CB8C90094EEAF /* Demo 348.app */ = {isa = PBXFileReference; explicitFileType = wrapper.application; includeInIndex = 0; path = "Demo 348.app"; sourceTree = BUILT_PRODUCTS_DIR; };
		0BE483441D2CB8C90094EEAF /* main.m */ = {isa = PBXFileReference; lastKnownFileType = sourcecode.c.objc; path = main.m; sourceTree = "<group>"; };
		0BE483461D2CB8C90094EEAF /* AppDelegate.h */ = {isa = PBXFileReference; lastKnownFileType = sourcecode.c.h; path = AppDelegate.h; sourceTree = "<group>"; };
		0BE483471D2CB8C90094EEAF /* AppDelegate.m */ = {isa = PBXFileReference; lastKnownFileType = sourcecode.c.objc; path = AppDelegate.m; sourceTree = "<group>"; };
		0BE483491D2CB8C90094EEAF /* ViewController.h */ = {isa = PBXFileReference; lastKnownFileType = sourcecode.c.h; path = ViewController.h; sourceTree = "<group>"; };
		0BE4834A1D2CB8C90094EEAF /* ViewController.m */ = {isa = PBXFileReference; lastKnownFileType = sourcecode.c.objc; path = ViewController.m; sourceTree = "<group>"; };
		0BE4834D1D2CB8C90094EEAF /* Base */ = {isa = PBXFileReference; lastKnownFileType = file.storyboard; name = Base; path = Base.lproj/Main.storyboard; sourceTree = "<group>"; };
		0BE4834F1D2CB8C90094EEAF /* Assets.xcassets */ = {isa = PBXFileReference; lastKnownFileType = folder.assetcatalog; path = Assets.xcassets; sourceTree = "<group>"; };
		0BE483521D2CB8C90094EEAF /* Base */ = {isa = PBXFileReference; lastKnownFileType = file.storyboard; name = Base; path = Base.lproj/LaunchScreen.storyboard; sourceTree = "<group>"; };
		0BE483541D2CB8C90094EEAF /* Info.plist */ = {isa = PBXFileReference; lastKnownFileType = text.plist.xml; path = Info.plist; sourceTree = "<group>"; };
		0BE483591D2CB8C90094EEAF /* Demo 348Tests.xctest */ = {isa = PBXFileReference; explicitFileType = wrapper.cfbundle; includeInIndex = 0; path = "Demo 348Tests.xctest"; sourceTree = BUILT_PRODUCTS_DIR; };
		0BE4835D1D2CB8C90094EEAF /* Demo_348Tests.m */ = {isa = PBXFileReference; lastKnownFileType = sourcecode.c.objc; path = Demo_348Tests.m; sourceTree = "<group>"; };
		0BE4835F1D2CB8C90094EEAF /* Info.plist */ = {isa = PBXFileReference; lastKnownFileType = text.plist.xml; path = Info.plist; sourceTree = "<group>"; };
		0BE483641D2CB8C90094EEAF /* Demo 348UITests.xctest */ = {isa = PBXFileReference; explicitFileType = wrapper.cfbundle; includeInIndex = 0; path = "Demo 348UITests.xctest"; sourceTree = BUILT_PRODUCTS_DIR; };
		0BE483681D2CB8C90094EEAF /* Demo_348UITests.m */ = {isa = PBXFileReference; lastKnownFileType = sourcecode.c.objc; path = Demo_348UITests.m; sourceTree = "<group>"; };
		0BE4836A1D2CB8C90094EEAF /* Info.plist */ = {isa = PBXFileReference; lastKnownFileType = text.plist.xml; path = Info.plist; sourceTree = "<group>"; };
		0BE483761D2CB9990094EEAF /* Root.plist */ = {isa = PBXFileReference; fileEncoding = 4; lastKnownFileType = text.plist.xml; path = Root.plist; sourceTree = "<group>"; };
		0BE4837A1D2CC9190094EEAF /* Settings.bundle */ = {isa = PBXFileReference; lastKnownFileType = "wrapper.plug-in"; path = Settings.bundle; sourceTree = "<group>"; };
		457363B4D99047A38843D8CA /* Pods-Demo 348Tests.debug.xcconfig */ = {isa = PBXFileReference; includeInIndex = 1; lastKnownFileType = text.xcconfig; name = "Pods-Demo 348Tests.debug.xcconfig"; path = "Pods/Target Support Files/Pods-Demo 348Tests/Pods-Demo 348Tests.debug.xcconfig"; sourceTree = "<group>"; };
		533C0B2E20E8401798DED25A /* libPods-Demo 348Tests.a */ = {isa = PBXFileReference; explicitFileType = archive.ar; includeInIndex = 0; path = "libPods-Demo 348Tests.a"; sourceTree = BUILT_PRODUCTS_DIR; };
		6C447EC6318CC2BC2341C28E /* Pods-Demo 348.debug.xcconfig */ = {isa = PBXFileReference; includeInIndex = 1; lastKnownFileType = text.xcconfig; name = "Pods-Demo 348.debug.xcconfig"; path = "Pods/Target Support Files/Pods-Demo 348/Pods-Demo 348.debug.xcconfig"; sourceTree = "<group>"; };
		949095B0C64AAED86AEA29A2 /* Pods-Demo 348.release.xcconfig */ = {isa = PBXFileReference; includeInIndex = 1; lastKnownFileType = text.xcconfig; name = "Pods-Demo 348.release.xcconfig"; path = "Pods/Target Support Files/Pods-Demo 348/Pods-Demo 348.release.xcconfig"; sourceTree = "<group>"; };
		C177A1F0C67CA76FDB5BE9B5 /* libPods-Demo 348.a */ = {isa = PBXFileReference; explicitFileType = archive.ar; includeInIndex = 0; path = "libPods-Demo 348.a"; sourceTree = BUILT_PRODUCTS_DIR; };
		CEF4E21600A3258AF43532B4 /* Pods-Demo 348UITests.release.xcconfig */ = {isa = PBXFileReference; includeInIndex = 1; lastKnownFileType = text.xcconfig; name = "Pods-Demo 348UITests.release.xcconfig"; path = "Pods/Target Support Files/Pods-Demo 348UITests/Pods-Demo 348UITests.release.xcconfig"; sourceTree = "<group>"; };
		E7D432CB092BF31CC763C532 /* libPods-Demo 348UITests.a */ = {isa = PBXFileReference; explicitFileType = archive.ar; includeInIndex = 0; path = "libPods-Demo 348UITests.a"; sourceTree = BUILT_PRODUCTS_DIR; };
		F2974A53582868D121E1BA19 /* Pods-Demo 348UITests.debug.xcconfig */ = {isa = PBXFileReference; includeInIndex = 1; lastKnownFileType = text.xcconfig; name = "Pods-Demo 348UITests.debug.xcconfig"; path = "Pods/Target Support Files/Pods-Demo 348UITests/Pods-Demo 348UITests.debug.xcconfig"; sourceTree = "<group>"; };
		F66D08E8C1CA45A84CDC14A7 /* Pods-Demo 348Tests.release.xcconfig */ = {isa = PBXFileReference; includeInIndex = 1; lastKnownFileType = text.xcconfig; name = "Pods-Demo 348Tests.release.xcconfig"; path = "Pods/Target Support Files/Pods-Demo 348Tests/Pods-Demo 348Tests.release.xcconfig"; sourceTree = "<group>"; };
/* End PBXFileReference section */

/* Begin PBXFrameworksBuildPhase section */
		0BE4833D1D2CB8C90094EEAF /* Frameworks */ = {
			isa = PBXFrameworksBuildPhase;
			buildActionMask = 2147483647;
			files = (
				089037C96BF739951931DA0F /* libPods-Demo 348.a in Frameworks */,
			);
			runOnlyForDeploymentPostprocessing = 0;
		};
		0BE483561D2CB8C90094EEAF /* Frameworks */ = {
			isa = PBXFrameworksBuildPhase;
			buildActionMask = 2147483647;
			files = (
				A14FB154C2979C277300B638 /* libPods-Demo 348Tests.a in Frameworks */,
			);
			runOnlyForDeploymentPostprocessing = 0;
		};
		0BE483611D2CB8C90094EEAF /* Frameworks */ = {
			isa = PBXFrameworksBuildPhase;
			buildActionMask = 2147483647;
			files = (
				08331DF3E0F7C4DDCF8985C4 /* libPods-Demo 348UITests.a in Frameworks */,
			);
			runOnlyForDeploymentPostprocessing = 0;
		};
/* End PBXFrameworksBuildPhase section */

/* Begin PBXGroup section */
		0BE483371D2CB8C90094EEAF = {
			isa = PBXGroup;
			children = (
				0BE483421D2CB8C90094EEAF /* Demo 348 */,
				0BE4835C1D2CB8C90094EEAF /* Demo 348Tests */,
				0BE483671D2CB8C90094EEAF /* Demo 348UITests */,
				0BE483411D2CB8C90094EEAF /* Products */,
				3610990969E0E11B3C6DEC01 /* Pods */,
				9D070A133F9655D45CDE4B2E /* Frameworks */,
			);
			sourceTree = "<group>";
		};
		0BE483411D2CB8C90094EEAF /* Products */ = {
			isa = PBXGroup;
			children = (
				0BE483401D2CB8C90094EEAF /* Demo 348.app */,
				0BE483591D2CB8C90094EEAF /* Demo 348Tests.xctest */,
				0BE483641D2CB8C90094EEAF /* Demo 348UITests.xctest */,
			);
			name = Products;
			sourceTree = "<group>";
		};
		0BE483421D2CB8C90094EEAF /* Demo 348 */ = {
			isa = PBXGroup;
			children = (
				0BE483461D2CB8C90094EEAF /* AppDelegate.h */,
				0BE483471D2CB8C90094EEAF /* AppDelegate.m */,
				0BE483491D2CB8C90094EEAF /* ViewController.h */,
				0BE4834A1D2CB8C90094EEAF /* ViewController.m */,
				0BE4834C1D2CB8C90094EEAF /* Main.storyboard */,
				0BE4834F1D2CB8C90094EEAF /* Assets.xcassets */,
				0BE483511D2CB8C90094EEAF /* LaunchScreen.storyboard */,
				0BE483761D2CB9990094EEAF /* Root.plist */,
				0BE4837A1D2CC9190094EEAF /* Settings.bundle */,
				0BE483541D2CB8C90094EEAF /* Info.plist */,
				0BE483431D2CB8C90094EEAF /* Supporting Files */,
			);
			path = "Demo 348";
			sourceTree = "<group>";
		};
		0BE483431D2CB8C90094EEAF /* Supporting Files */ = {
			isa = PBXGroup;
			children = (
				0BE483441D2CB8C90094EEAF /* main.m */,
			);
			name = "Supporting Files";
			sourceTree = "<group>";
		};
		0BE4835C1D2CB8C90094EEAF /* Demo 348Tests */ = {
			isa = PBXGroup;
			children = (
				0BE4835D1D2CB8C90094EEAF /* Demo_348Tests.m */,
				0BE4835F1D2CB8C90094EEAF /* Info.plist */,
			);
			path = "Demo 348Tests";
			sourceTree = "<group>";
		};
		0BE483671D2CB8C90094EEAF /* Demo 348UITests */ = {
			isa = PBXGroup;
			children = (
				0BE483681D2CB8C90094EEAF /* Demo_348UITests.m */,
				0BE4836A1D2CB8C90094EEAF /* Info.plist */,
			);
			path = "Demo 348UITests";
			sourceTree = "<group>";
		};
		3610990969E0E11B3C6DEC01 /* Pods */ = {
			isa = PBXGroup;
			children = (
				6C447EC6318CC2BC2341C28E /* Pods-Demo 348.debug.xcconfig */,
				949095B0C64AAED86AEA29A2 /* Pods-Demo 348.release.xcconfig */,
				457363B4D99047A38843D8CA /* Pods-Demo 348Tests.debug.xcconfig */,
				F66D08E8C1CA45A84CDC14A7 /* Pods-Demo 348Tests.release.xcconfig */,
				F2974A53582868D121E1BA19 /* Pods-Demo 348UITests.debug.xcconfig */,
				CEF4E21600A3258AF43532B4 /* Pods-Demo 348UITests.release.xcconfig */,
			);
			name = Pods;
			sourceTree = "<group>";
		};
		9D070A133F9655D45CDE4B2E /* Frameworks */ = {
			isa = PBXGroup;
			children = (
				C177A1F0C67CA76FDB5BE9B5 /* libPods-Demo 348.a */,
				533C0B2E20E8401798DED25A /* libPods-Demo 348Tests.a */,
				E7D432CB092BF31CC763C532 /* libPods-Demo 348UITests.a */,
			);
			name = Frameworks;
			sourceTree = "<group>";
		};
/* End PBXGroup section */

/* Begin PBXNativeTarget section */
		0BE4833F1D2CB8C90094EEAF /* Demo 348 */ = {
			isa = PBXNativeTarget;
			buildConfigurationList = 0BE4836D1D2CB8C90094EEAF /* Build configuration list for PBXNativeTarget "Demo 348" */;
			buildPhases = (
				08A32E90334FE82C013E0733 /* [CP] Check Pods Manifest.lock */,
				0BE4833C1D2CB8C90094EEAF /* Sources */,
				0BE4833D1D2CB8C90094EEAF /* Frameworks */,
				0BE4833E1D2CB8C90094EEAF /* Resources */,
				7E7A1914320CC80893E2F126 /* [CP] Embed Pods Frameworks */,
				25E8848A6BB3F9AFD0BC4D27 /* [CP] Copy Pods Resources */,
			);
			buildRules = (
			);
			dependencies = (
			);
			name = "Demo 348";
			productName = "Demo 348";
			productReference = 0BE483401D2CB8C90094EEAF /* Demo 348.app */;
			productType = "com.apple.product-type.application";
		};
		0BE483581D2CB8C90094EEAF /* Demo 348Tests */ = {
			isa = PBXNativeTarget;
			buildConfigurationList = 0BE483701D2CB8C90094EEAF /* Build configuration list for PBXNativeTarget "Demo 348Tests" */;
			buildPhases = (
				0E00668D4F89618C55135A37 /* [CP] Check Pods Manifest.lock */,
				0BE483551D2CB8C90094EEAF /* Sources */,
				0BE483561D2CB8C90094EEAF /* Frameworks */,
				0BE483571D2CB8C90094EEAF /* Resources */,
				E6CE67A810B40F1CF49E35D3 /* [CP] Embed Pods Frameworks */,
				A7189920787C0E97C20E888F /* [CP] Copy Pods Resources */,
			);
			buildRules = (
			);
			dependencies = (
				0BE4835B1D2CB8C90094EEAF /* PBXTargetDependency */,
			);
			name = "Demo 348Tests";
			productName = "Demo 348Tests";
			productReference = 0BE483591D2CB8C90094EEAF /* Demo 348Tests.xctest */;
			productType = "com.apple.product-type.bundle.unit-test";
		};
		0BE483631D2CB8C90094EEAF /* Demo 348UITests */ = {
			isa = PBXNativeTarget;
			buildConfigurationList = 0BE483731D2CB8C90094EEAF /* Build configuration list for PBXNativeTarget "Demo 348UITests" */;
			buildPhases = (
				69E4EA17A186779DD3E21522 /* [CP] Check Pods Manifest.lock */,
				0BE483601D2CB8C90094EEAF /* Sources */,
				0BE483611D2CB8C90094EEAF /* Frameworks */,
				0BE483621D2CB8C90094EEAF /* Resources */,
				8BC5EDD005B8BD4F7469F659 /* [CP] Copy Pods Resources */,
			);
			buildRules = (
			);
			dependencies = (
				0BE483661D2CB8C90094EEAF /* PBXTargetDependency */,
			);
			name = "Demo 348UITests";
			productName = "Demo 348UITests";
			productReference = 0BE483641D2CB8C90094EEAF /* Demo 348UITests.xctest */;
			productType = "com.apple.product-type.bundle.ui-testing";
		};
/* End PBXNativeTarget section */

/* Begin PBXProject section */
		0BE483381D2CB8C90094EEAF /* Project object */ = {
			isa = PBXProject;
			attributes = {
				LastUpgradeCheck = 0730;
				ORGANIZATIONNAME = sunbohong;
				TargetAttributes = {
					0BE4833F1D2CB8C90094EEAF = {
						CreatedOnToolsVersion = 7.3.1;
					};
					0BE483581D2CB8C90094EEAF = {
						CreatedOnToolsVersion = 7.3.1;
						TestTargetID = 0BE4833F1D2CB8C90094EEAF;
					};
					0BE483631D2CB8C90094EEAF = {
						CreatedOnToolsVersion = 7.3.1;
						TestTargetID = 0BE4833F1D2CB8C90094EEAF;
					};
				};
			};
			buildConfigurationList = 0BE4833B1D2CB8C90094EEAF /* Build configuration list for PBXProject "Demo 348" */;
			compatibilityVersion = "Xcode 3.2";
			developmentRegion = English;
			hasScannedForEncodings = 0;
			knownRegions = (
				en,
				Base,
			);
			mainGroup = 0BE483371D2CB8C90094EEAF;
			productRefGroup = 0BE483411D2CB8C90094EEAF /* Products */;
			projectDirPath = "";
			projectRoot = "";
			targets = (
				0BE4833F1D2CB8C90094EEAF /* Demo 348 */,
				0BE483581D2CB8C90094EEAF /* Demo 348Tests */,
				0BE483631D2CB8C90094EEAF /* Demo 348UITests */,
			);
		};
/* End PBXProject section */

/* Begin PBXResourcesBuildPhase section */
		0BE4833E1D2CB8C90094EEAF /* Resources */ = {
			isa = PBXResourcesBuildPhase;
			buildActionMask = 2147483647;
			files = (
				0BE483771D2CB9990094EEAF /* Root.plist in Resources */,
				0BE483531D2CB8C90094EEAF /* LaunchScreen.storyboard in Resources */,
				0BE4837B1D2CC9190094EEAF /* Settings.bundle in Resources */,
				0BE483501D2CB8C90094EEAF /* Assets.xcassets in Resources */,
				0BE4834E1D2CB8C90094EEAF /* Main.storyboard in Resources */,
			);
			runOnlyForDeploymentPostprocessing = 0;
		};
		0BE483571D2CB8C90094EEAF /* Resources */ = {
			isa = PBXResourcesBuildPhase;
			buildActionMask = 2147483647;
			files = (
			);
			runOnlyForDeploymentPostprocessing = 0;
		};
		0BE483621D2CB8C90094EEAF /* Resources */ = {
			isa = PBXResourcesBuildPhase;
			buildActionMask = 2147483647;
			files = (
			);
			runOnlyForDeploymentPostprocessing = 0;
		};
/* End PBXResourcesBuildPhase section */

/* Begin PBXShellScriptBuildPhase section */
		08A32E90334FE82C013E0733 /* [CP] Check Pods Manifest.lock */ = {
			isa = PBXShellScriptBuildPhase;
			buildActionMask = 2147483647;
			files = (
			);
			inputPaths = (
			);
			name = "[CP] Check Pods Manifest.lock";
			outputPaths = (
			);
			runOnlyForDeploymentPostprocessing = 0;
			shellPath = /bin/sh;
			shellScript = "diff \"${PODS_ROOT}/../Podfile.lock\" \"${PODS_ROOT}/Manifest.lock\" > /dev/null\nif [[ $? != 0 ]] ; then\n    cat << EOM\nerror: The sandbox is not in sync with the Podfile.lock. Run 'pod install' or update your CocoaPods installation.\nEOM\n    exit 1\nfi\n";
			showEnvVarsInLog = 0;
		};
		0E00668D4F89618C55135A37 /* [CP] Check Pods Manifest.lock */ = {
			isa = PBXShellScriptBuildPhase;
			buildActionMask = 2147483647;
			files = (
			);
			inputPaths = (
			);
			name = "[CP] Check Pods Manifest.lock";
			outputPaths = (
			);
			runOnlyForDeploymentPostprocessing = 0;
			shellPath = /bin/sh;
			shellScript = "diff \"${PODS_ROOT}/../Podfile.lock\" \"${PODS_ROOT}/Manifest.lock\" > /dev/null\nif [[ $? != 0 ]] ; then\n    cat << EOM\nerror: The sandbox is not in sync with the Podfile.lock. Run 'pod install' or update your CocoaPods installation.\nEOM\n    exit 1\nfi\n";
			showEnvVarsInLog = 0;
		};
		25E8848A6BB3F9AFD0BC4D27 /* [CP] Copy Pods Resources */ = {
			isa = PBXShellScriptBuildPhase;
			buildActionMask = 2147483647;
			files = (
			);
			inputPaths = (
			);
			name = "[CP] Copy Pods Resources";
			outputPaths = (
			);
			runOnlyForDeploymentPostprocessing = 0;
			shellPath = /bin/sh;
			shellScript = "\"${SRCROOT}/Pods/Target Support Files/Pods-Demo 348/Pods-Demo 348-resources.sh\"\n";
			showEnvVarsInLog = 0;
		};
		69E4EA17A186779DD3E21522 /* [CP] Check Pods Manifest.lock */ = {
			isa = PBXShellScriptBuildPhase;
			buildActionMask = 2147483647;
			files = (
			);
			inputPaths = (
			);
			name = "[CP] Check Pods Manifest.lock";
			outputPaths = (
			);
			runOnlyForDeploymentPostprocessing = 0;
			shellPath = /bin/sh;
			shellScript = "diff \"${PODS_ROOT}/../Podfile.lock\" \"${PODS_ROOT}/Manifest.lock\" > /dev/null\nif [[ $? != 0 ]] ; then\n    cat << EOM\nerror: The sandbox is not in sync with the Podfile.lock. Run 'pod install' or update your CocoaPods installation.\nEOM\n    exit 1\nfi\n";
			showEnvVarsInLog = 0;
		};
		7E7A1914320CC80893E2F126 /* [CP] Embed Pods Frameworks */ = {
			isa = PBXShellScriptBuildPhase;
			buildActionMask = 2147483647;
			files = (
			);
			inputPaths = (
			);
			name = "[CP] Embed Pods Frameworks";
			outputPaths = (
			);
			runOnlyForDeploymentPostprocessing = 0;
			shellPath = /bin/sh;
			shellScript = "\"${SRCROOT}/Pods/Target Support Files/Pods-Demo 348/Pods-Demo 348-frameworks.sh\"\n";
			showEnvVarsInLog = 0;
		};
		8BC5EDD005B8BD4F7469F659 /* [CP] Copy Pods Resources */ = {
			isa = PBXShellScriptBuildPhase;
			buildActionMask = 2147483647;
			files = (
			);
			inputPaths = (
			);
			name = "[CP] Copy Pods Resources";
			outputPaths = (
			);
			runOnlyForDeploymentPostprocessing = 0;
			shellPath = /bin/sh;
			shellScript = "\"${SRCROOT}/Pods/Target Support Files/Pods-Demo 348UITests/Pods-Demo 348UITests-resources.sh\"\n";
			showEnvVarsInLog = 0;
		};
		A7189920787C0E97C20E888F /* [CP] Copy Pods Resources */ = {
			isa = PBXShellScriptBuildPhase;
			buildActionMask = 2147483647;
			files = (
			);
			inputPaths = (
			);
			name = "[CP] Copy Pods Resources";
			outputPaths = (
			);
			runOnlyForDeploymentPostprocessing = 0;
			shellPath = /bin/sh;
			shellScript = "\"${SRCROOT}/Pods/Target Support Files/Pods-Demo 348Tests/Pods-Demo 348Tests-resources.sh\"\n";
			showEnvVarsInLog = 0;
		};
		E6CE67A810B40F1CF49E35D3 /* [CP] Embed Pods Frameworks */ = {
			isa = PBXShellScriptBuildPhase;
			buildActionMask = 2147483647;
			files = (
			);
			inputPaths = (
			);
			name = "[CP] Embed Pods Frameworks";
			outputPaths = (
			);
			runOnlyForDeploymentPostprocessing = 0;
			shellPath = /bin/sh;
			shellScript = "\"${SRCROOT}/Pods/Target Support Files/Pods-Demo 348Tests/Pods-Demo 348Tests-frameworks.sh\"\n";
			showEnvVarsInLog = 0;
		};
/* End PBXShellScriptBuildPhase section */

/* Begin PBXSourcesBuildPhase section */
		0BE4833C1D2CB8C90094EEAF /* Sources */ = {
			isa = PBXSourcesBuildPhase;
			buildActionMask = 2147483647;
			files = (
				0BE4834B1D2CB8C90094EEAF /* ViewController.m in Sources */,
				0BE483481D2CB8C90094EEAF /* AppDelegate.m in Sources */,
				0BE483451D2CB8C90094EEAF /* main.m in Sources */,
			);
			runOnlyForDeploymentPostprocessing = 0;
		};
		0BE483551D2CB8C90094EEAF /* Sources */ = {
			isa = PBXSourcesBuildPhase;
			buildActionMask = 2147483647;
			files = (
				0BE4835E1D2CB8C90094EEAF /* Demo_348Tests.m in Sources */,
			);
			runOnlyForDeploymentPostprocessing = 0;
		};
		0BE483601D2CB8C90094EEAF /* Sources */ = {
			isa = PBXSourcesBuildPhase;
			buildActionMask = 2147483647;
			files = (
				0BE483691D2CB8C90094EEAF /* Demo_348UITests.m in Sources */,
			);
			runOnlyForDeploymentPostprocessing = 0;
		};
/* End PBXSourcesBuildPhase section */

/* Begin PBXTargetDependency section */
		0BE4835B1D2CB8C90094EEAF /* PBXTargetDependency */ = {
			isa = PBXTargetDependency;
			target = 0BE4833F1D2CB8C90094EEAF /* Demo 348 */;
			targetProxy = 0BE4835A1D2CB8C90094EEAF /* PBXContainerItemProxy */;
		};
		0BE483661D2CB8C90094EEAF /* PBXTargetDependency */ = {
			isa = PBXTargetDependency;
			target = 0BE4833F1D2CB8C90094EEAF /* Demo 348 */;
			targetProxy = 0BE483651D2CB8C90094EEAF /* PBXContainerItemProxy */;
		};
/* End PBXTargetDependency section */

/* Begin PBXVariantGroup section */
		0BE4834C1D2CB8C90094EEAF /* Main.storyboard */ = {
			isa = PBXVariantGroup;
			children = (
				0BE4834D1D2CB8C90094EEAF /* Base */,
			);
			name = Main.storyboard;
			sourceTree = "<group>";
		};
		0BE483511D2CB8C90094EEAF /* LaunchScreen.storyboard */ = {
			isa = PBXVariantGroup;
			children = (
				0BE483521D2CB8C90094EEAF /* Base */,
			);
			name = LaunchScreen.storyboard;
			sourceTree = "<group>";
		};
/* End PBXVariantGroup section */

/* Begin XCBuildConfiguration section */
		0BE4836B1D2CB8C90094EEAF /* Debug */ = {
			isa = XCBuildConfiguration;
			buildSettings = {
				ALWAYS_SEARCH_USER_PATHS = NO;
				CLANG_ANALYZER_NONNULL = YES;
				CLANG_CXX_LANGUAGE_STANDARD = "gnu++0x";
				CLANG_CXX_LIBRARY = "libc++";
				CLANG_ENABLE_MODULES = YES;
				CLANG_ENABLE_OBJC_ARC = YES;
				CLANG_WARN_BOOL_CONVERSION = YES;
				CLANG_WARN_CONSTANT_CONVERSION = YES;
				CLANG_WARN_DIRECT_OBJC_ISA_USAGE = YES_ERROR;
				CLANG_WARN_EMPTY_BODY = YES;
				CLANG_WARN_ENUM_CONVERSION = YES;
				CLANG_WARN_INT_CONVERSION = YES;
				CLANG_WARN_OBJC_ROOT_CLASS = YES_ERROR;
				CLANG_WARN_UNREACHABLE_CODE = YES;
				CLANG_WARN__DUPLICATE_METHOD_MATCH = YES;
				"CODE_SIGN_IDENTITY[sdk=iphoneos*]" = "iPhone Developer";
				COPY_PHASE_STRIP = NO;
				DEBUG_INFORMATION_FORMAT = dwarf;
				ENABLE_STRICT_OBJC_MSGSEND = YES;
				ENABLE_TESTABILITY = YES;
				GCC_C_LANGUAGE_STANDARD = gnu99;
				GCC_DYNAMIC_NO_PIC = NO;
				GCC_NO_COMMON_BLOCKS = YES;
				GCC_OPTIMIZATION_LEVEL = 0;
				GCC_PREPROCESSOR_DEFINITIONS = (
					"DEBUG=1",
					"$(inherited)",
				);
				GCC_WARN_64_TO_32_BIT_CONVERSION = YES;
				GCC_WARN_ABOUT_RETURN_TYPE = YES_ERROR;
				GCC_WARN_UNDECLARED_SELECTOR = YES;
				GCC_WARN_UNINITIALIZED_AUTOS = YES_AGGRESSIVE;
				GCC_WARN_UNUSED_FUNCTION = YES;
				GCC_WARN_UNUSED_VARIABLE = YES;
				IPHONEOS_DEPLOYMENT_TARGET = 9.3;
				MTL_ENABLE_DEBUG_INFO = YES;
				ONLY_ACTIVE_ARCH = YES;
				SDKROOT = iphoneos;
				TARGETED_DEVICE_FAMILY = "1,2";
			};
			name = Debug;
		};
		0BE4836C1D2CB8C90094EEAF /* Release */ = {
			isa = XCBuildConfiguration;
			buildSettings = {
				ALWAYS_SEARCH_USER_PATHS = NO;
				CLANG_ANALYZER_NONNULL = YES;
				CLANG_CXX_LANGUAGE_STANDARD = "gnu++0x";
				CLANG_CXX_LIBRARY = "libc++";
				CLANG_ENABLE_MODULES = YES;
				CLANG_ENABLE_OBJC_ARC = YES;
				CLANG_WARN_BOOL_CONVERSION = YES;
				CLANG_WARN_CONSTANT_CONVERSION = YES;
				CLANG_WARN_DIRECT_OBJC_ISA_USAGE = YES_ERROR;
				CLANG_WARN_EMPTY_BODY = YES;
				CLANG_WARN_ENUM_CONVERSION = YES;
				CLANG_WARN_INT_CONVERSION = YES;
				CLANG_WARN_OBJC_ROOT_CLASS = YES_ERROR;
				CLANG_WARN_UNREACHABLE_CODE = YES;
				CLANG_WARN__DUPLICATE_METHOD_MATCH = YES;
				"CODE_SIGN_IDENTITY[sdk=iphoneos*]" = "iPhone Developer";
				COPY_PHASE_STRIP = NO;
				DEBUG_INFORMATION_FORMAT = "dwarf-with-dsym";
				ENABLE_NS_ASSERTIONS = NO;
				ENABLE_STRICT_OBJC_MSGSEND = YES;
				GCC_C_LANGUAGE_STANDARD = gnu99;
				GCC_NO_COMMON_BLOCKS = YES;
				GCC_WARN_64_TO_32_BIT_CONVERSION = YES;
				GCC_WARN_ABOUT_RETURN_TYPE = YES_ERROR;
				GCC_WARN_UNDECLARED_SELECTOR = YES;
				GCC_WARN_UNINITIALIZED_AUTOS = YES_AGGRESSIVE;
				GCC_WARN_UNUSED_FUNCTION = YES;
				GCC_WARN_UNUSED_VARIABLE = YES;
				IPHONEOS_DEPLOYMENT_TARGET = 9.3;
				MTL_ENABLE_DEBUG_INFO = NO;
				SDKROOT = iphoneos;
				TARGETED_DEVICE_FAMILY = "1,2";
				VALIDATE_PRODUCT = YES;
			};
			name = Release;
		};
		0BE4836E1D2CB8C90094EEAF /* Debug */ = {
			isa = XCBuildConfiguration;
			baseConfigurationReference = 6C447EC6318CC2BC2341C28E /* Pods-Demo 348.debug.xcconfig */;
			buildSettings = {
				ASSETCATALOG_COMPILER_APPICON_NAME = AppIcon;
				CLANG_WARN_OBJC_IMPLICIT_RETAIN_SELF = YES;
				INFOPLIST_FILE = "Demo 348/Info.plist";
				LD_RUNPATH_SEARCH_PATHS = "$(inherited) @executable_path/Frameworks";
				PRODUCT_BUNDLE_IDENTIFIER = "sunbohong.Demo-348";
				PRODUCT_NAME = "$(TARGET_NAME)";
			};
			name = Debug;
		};
		0BE4836F1D2CB8C90094EEAF /* Release */ = {
			isa = XCBuildConfiguration;
			baseConfigurationReference = 949095B0C64AAED86AEA29A2 /* Pods-Demo 348.release.xcconfig */;
			buildSettings = {
				ASSETCATALOG_COMPILER_APPICON_NAME = AppIcon;
				CLANG_WARN_OBJC_IMPLICIT_RETAIN_SELF = YES;
				INFOPLIST_FILE = "Demo 348/Info.plist";
				LD_RUNPATH_SEARCH_PATHS = "$(inherited) @executable_path/Frameworks";
				PRODUCT_BUNDLE_IDENTIFIER = "sunbohong.Demo-348";
				PRODUCT_NAME = "$(TARGET_NAME)";
			};
			name = Release;
		};
		0BE483711D2CB8C90094EEAF /* Debug */ = {
			isa = XCBuildConfiguration;
			baseConfigurationReference = 457363B4D99047A38843D8CA /* Pods-Demo 348Tests.debug.xcconfig */;
			buildSettings = {
				BUNDLE_LOADER = "$(TEST_HOST)";
				INFOPLIST_FILE = "Demo 348Tests/Info.plist";
				LD_RUNPATH_SEARCH_PATHS = "$(inherited) @executable_path/Frameworks @loader_path/Frameworks";
				PRODUCT_BUNDLE_IDENTIFIER = "sunbohong.Demo-348Tests";
				PRODUCT_NAME = "$(TARGET_NAME)";
				TEST_HOST = "$(BUILT_PRODUCTS_DIR)/Demo 348.app/Demo 348";
			};
			name = Debug;
		};
		0BE483721D2CB8C90094EEAF /* Release */ = {
			isa = XCBuildConfiguration;
			baseConfigurationReference = F66D08E8C1CA45A84CDC14A7 /* Pods-Demo 348Tests.release.xcconfig */;
			buildSettings = {
				BUNDLE_LOADER = "$(TEST_HOST)";
				INFOPLIST_FILE = "Demo 348Tests/Info.plist";
				LD_RUNPATH_SEARCH_PATHS = "$(inherited) @executable_path/Frameworks @loader_path/Frameworks";
				PRODUCT_BUNDLE_IDENTIFIER = "sunbohong.Demo-348Tests";
				PRODUCT_NAME = "$(TARGET_NAME)";
				TEST_HOST = "$(BUILT_PRODUCTS_DIR)/Demo 348.app/Demo 348";
			};
			name = Release;
		};
		0BE483741D2CB8C90094EEAF /* Debug */ = {
			isa = XCBuildConfiguration;
			baseConfigurationReference = F2974A53582868D121E1BA19 /* Pods-Demo 348UITests.debug.xcconfig */;
			buildSettings = {
				INFOPLIST_FILE = "Demo 348UITests/Info.plist";
				LD_RUNPATH_SEARCH_PATHS = "$(inherited) @executable_path/Frameworks @loader_path/Frameworks";
				PRODUCT_BUNDLE_IDENTIFIER = "sunbohong.Demo-348UITests";
				PRODUCT_NAME = "$(TARGET_NAME)";
				TEST_TARGET_NAME = "Demo 348";
			};
			name = Debug;
		};
		0BE483751D2CB8C90094EEAF /* Release */ = {
			isa = XCBuildConfiguration;
			baseConfigurationReference = CEF4E21600A3258AF43532B4 /* Pods-Demo 348UITests.release.xcconfig */;
			buildSettings = {
				INFOPLIST_FILE = "Demo 348UITests/Info.plist";
				LD_RUNPATH_SEARCH_PATHS = "$(inherited) @executable_path/Frameworks @loader_path/Frameworks";
				PRODUCT_BUNDLE_IDENTIFIER = "sunbohong.Demo-348UITests";
				PRODUCT_NAME = "$(TARGET_NAME)";
				TEST_TARGET_NAME = "Demo 348";
			};
			name = Release;
		};
/* End XCBuildConfiguration section */

/* Begin XCConfigurationList section */
		0BE4833B1D2CB8C90094EEAF /* Build configuration list for PBXProject "Demo 348" */ = {
			isa = XCConfigurationList;
			buildConfigurations = (
				0BE4836B1D2CB8C90094EEAF /* Debug */,
				0BE4836C1D2CB8C90094EEAF /* Release */,
			);
			defaultConfigurationIsVisible = 0;
			defaultConfigurationName = Release;
		};
		0BE4836D1D2CB8C90094EEAF /* Build configuration list for PBXNativeTarget "Demo 348" */ = {
			isa = XCConfigurationList;
			buildConfigurations = (
				0BE4836E1D2CB8C90094EEAF /* Debug */,
				0BE4836F1D2CB8C90094EEAF /* Release */,
			);
			defaultConfigurationIsVisible = 0;
			defaultConfigurationName = Release;
		};
		0BE483701D2CB8C90094EEAF /* Build configuration list for PBXNativeTarget "Demo 348Tests" */ = {
			isa = XCConfigurationList;
			buildConfigurations = (
				0BE483711D2CB8C90094EEAF /* Debug */,
				0BE483721D2CB8C90094EEAF /* Release */,
			);
			defaultConfigurationIsVisible = 0;
			defaultConfigurationName = Release;
		};
		0BE483731D2CB8C90094EEAF /* Build configuration list for PBXNativeTarget "Demo 348UITests" */ = {
			isa = XCConfigurationList;
			buildConfigurations = (
				0BE483741D2CB8C90094EEAF /* Debug */,
				0BE483751D2CB8C90094EEAF /* Release */,
			);
			defaultConfigurationIsVisible = 0;
			defaultConfigurationName = Release;
		};
/* End XCConfigurationList section */
	};
	rootObject = 0BE483381D2CB8C90094EEAF /* Project object */;
}
